PODS:
  - Masonry (1.1.0)
  - MBProgressHUD (1.1.0)
  - PoporFoundation/NSFileManager (0.0.25)
  - PoporFoundation/NSString (0.0.25):
    - PoporFoundation/PrefixOs
  - PoporFoundation/PrefixCore (0.0.25):
    - PoporFoundation/PrefixOs
  - PoporFoundation/PrefixOs (0.0.25)
  - PoporImageBrower (0.0.17):
    - MBProgressHUD
    - SDWebImage
  - PoporMedia (0.0.4):
    - PoporMedia/PoporMedia (= 0.0.4)
  - PoporMedia/PoporMedia (0.0.4):
    - Masonry
    - PoporFoundation/NSFileManager
    - PoporFoundation/PrefixCore
    - PoporImageBrower
    - PoporUI/IToast
    - PoporUI/Tool
    - PoporUI/UIDeviceScreen
    - PoporUI/UIImage
    - PoporUI/UIView
    - SKFCamera
    - TZImagePickerController
  - PoporUI/BlockView (0.0.20)
  - PoporUI/IToast (0.0.20):
    - PoporFoundation/NSString
  - PoporUI/Tool (0.0.20):
    - PoporFoundation/NSString
    - PoporUI/BlockView
    - PoporUI/IToast
  - PoporUI/UIDeviceScreen (0.0.20)
  - PoporUI/UIImage (0.0.20)
  - PoporUI/UIView (0.0.20)
  - SDWebImage (4.4.2):
    - SDWebImage/Core (= 4.4.2)
  - SDWebImage/Core (4.4.2)
  - SKFCamera (1.3.2)
  - TZImagePickerController (3.0.9)

DEPENDENCIES:
  - PoporMedia (from `../`)

SPEC REPOS:
  https://github.com/cocoapods/specs.git:
    - Masonry
    - MBProgressHUD
    - PoporFoundation
    - PoporImageBrower
    - PoporUI
    - SDWebImage
    - SKFCamera
    - TZImagePickerController

EXTERNAL SOURCES:
  PoporMedia:
    :path: "../"

SPEC CHECKSUMS:
  Masonry: 678fab65091a9290e40e2832a55e7ab731aad201
  MBProgressHUD: e7baa36a220447d8aeb12769bf0585582f3866d9
  PoporFoundation: bca1071cd750888f2dac9e5f5bb0857d4f76e92b
  PoporImageBrower: 5db9a654623c3066004bff09e919256f7977bfbb
  PoporMedia: 5aa0d0359bfcb4491d81853b10dc2b24830af819
  PoporUI: b4c780eec637e1123bdc9d6a55d0a555968c8773
  SDWebImage: 624d6e296c69b244bcede364c72ae0430ac14681
  SKFCamera: d63fa8ca23eb5ec51ade911fcbe736ffc5b37b4d
  TZImagePickerController: ea3e906af8caa7088f612ad673feb73cc6aa6bfc

PODFILE CHECKSUM: 7614794d58cd85b9fd81899241b50b01b1072ae5

COCOAPODS: 1.6.0.beta.2
