PODS:
  - KVOController (1.2.0)
  - Masonry (1.1.0)
  - MBProgressHUD (1.1.0)
  - PoporAVPlayer (0.0.06):
    - KVOController
    - Masonry
    - PoporFoundation/NSAssistant
    - PoporFoundation/PrefixCore
    - PoporOrientation
    - PoporUI/IToast
    - PoporUI/UIView
    - ReactiveObjC
  - PoporFoundation/NSAssistant (0.0.25):
    - PoporFoundation/PrefixCore
    - PoporFoundation/PrefixOs
  - PoporFoundation/NSFileManager (0.0.25)
  - PoporFoundation/NSObject (0.0.25)
  - PoporFoundation/NSString (0.0.25):
    - PoporFoundation/PrefixOs
  - PoporFoundation/PrefixCore (0.0.25):
    - PoporFoundation/PrefixOs
  - PoporFoundation/PrefixOs (0.0.25)
  - PoporImageBrower (0.0.20):
    - MBProgressHUD
    - SDWebImage
  - PoporMedia (0.0.09):
    - PoporMedia/PoporMedia (= 0.0.09)
  - PoporMedia/PoporMedia (0.0.09):
    - Masonry
    - PoporFoundation/NSFileManager
    - PoporFoundation/PrefixCore
    - PoporImageBrower
    - PoporUI/IToast
    - PoporUI/Tool
    - PoporUI/UIDeviceScreen
    - PoporUI/UIImage
    - PoporUI/UIView
    - SKFCamera
    - TZImagePickerController
  - PoporOrientation (0.0.3):
    - PoporFoundation/NSObject
  - PoporUI/BlockView (0.0.28)
  - PoporUI/IToast (0.0.28):
    - PoporFoundation/NSString
  - PoporUI/Tool (0.0.28):
    - PoporFoundation/NSString
    - PoporUI/BlockView
    - PoporUI/IToast
  - PoporUI/UIDeviceScreen (0.0.28)
  - PoporUI/UIImage (0.0.28)
  - PoporUI/UIView (0.0.28)
  - ReactiveObjC (3.1.0)
  - SDWebImage (4.4.2):
    - SDWebImage/Core (= 4.4.2)
  - SDWebImage/Core (4.4.2)
  - SKFCamera (1.3.2)
  - TZImagePickerController (3.1.1)

DEPENDENCIES:
  - PoporAVPlayer
  - PoporMedia (from `../`)

SPEC REPOS:
  https://github.com/cocoapods/specs.git:
    - KVOController
    - Masonry
    - MBProgressHUD
    - PoporAVPlayer
    - PoporFoundation
    - PoporImageBrower
    - PoporOrientation
    - PoporUI
    - ReactiveObjC
    - SDWebImage
    - SKFCamera
    - TZImagePickerController

EXTERNAL SOURCES:
  PoporMedia:
    :path: "../"

SPEC CHECKSUMS:
  KVOController: d72ace34afea42468329623b3379ab3cd1d286b6
  Masonry: 678fab65091a9290e40e2832a55e7ab731aad201
  MBProgressHUD: e7baa36a220447d8aeb12769bf0585582f3866d9
  PoporAVPlayer: 827529f3ad1b9d33edaafe3611b79191cfec519b
  PoporFoundation: bca1071cd750888f2dac9e5f5bb0857d4f76e92b
  PoporImageBrower: afdf63bd0625bc40d1d943fa5f761e7e47cc7f8d
  PoporMedia: bd2b8d4437b338aa89994cfadb6ac12ca9d4dfb4
  PoporOrientation: 92216eb28427bc152e897c5edf6725aaa1c766cf
  PoporUI: 514ac126199f3e579a11a7f9dbe2ff1ac2e4896c
  ReactiveObjC: 2a38ea15335de4119d8b17caf1db1484f61db902
  SDWebImage: 624d6e296c69b244bcede364c72ae0430ac14681
  SKFCamera: d63fa8ca23eb5ec51ade911fcbe736ffc5b37b4d
  TZImagePickerController: b33cb21ea66c1ed4c56443a0e8c84494c44be560

PODFILE CHECKSUM: bfa1cf54b429e09eb7b32bd1c179cb5778aadf57

COCOAPODS: 1.6.0.beta.2
